
Microsoft Visual Studio Solution File, Format Version 12.00
# Visual Studio Version 16
VisualStudioVersion = 16.0.30413.136
MinimumVisualStudioVersion = 10.0.40219.1
Project("{FAE04EC0-301F-11D3-BF4B-00C04F79EFBC}") = "RL_Linolejs", "RL_Linolejs\RL_Linolejs.csproj", "{C95784C7-7E7F-4A1B-8ED7-F75FD91A348F}"
EndProject
Global
	GlobalSection(SolutionConfigurationPlatforms) = preSolution
		Debug|Any CPU = Debug|Any CPU
		Release|Any CPU = Release|Any CPU
	EndGlobalSection
	GlobalSection(ProjectConfigurationPlatforms) = postSolution
		{C95784C7-7E7F-4A1B-8ED7-F75FD91A348F}.Debug|Any CPU.ActiveCfg = Debug|Any CPU
		{C95784C7-7E7F-4A1B-8ED7-F75FD91A348F}.Debug|Any CPU.Build.0 = Debug|Any CPU
		{C95784C7-7E7F-4A1B-8ED7-F75FD91A348F}.Release|Any CPU.ActiveCfg = Release|Any CPU
		{C95784C7-7E7F-4A1B-8ED7-F75FD91A348F}.Release|Any CPU.Build.0 = Release|Any CPU
	EndGlobalSection
	GlobalSection(SolutionProperties) = preSolution
		HideSolutionNode = FALSE
	EndGlobalSection
	GlobalSection(ExtensibilityGlobals) = postSolution
		SolutionGuid = {36218C13-FB58-4EF2-981C-20680B8DA773}
	EndGlobalSection
EndGlobal
